{
  "name": "rero-ils",
  "lockfileVersion": 3,
  "requires": true,
  "packages": {
    "": {
      "dependencies": {
        "last": "^1.1.0"
      }
    },
    "node_modules/last": {
      "version": "1.1.0",
      "resolved": "https://registry.npmjs.org/last/-/last-1.1.0.tgz",
      "integrity": "sha512-aX24h3/CP3d+/td9QkVJK6K4Cu/m+7B7ncQpU+DCqHYRxxNmc3Sii3+NBWwHjtekGL2gcW2hkBSkVaXMOpj9Bg=="
    }
  }
}
